
Microsoft Visual Studio Solution File, Format Version 12.00
# Visual Studio 15
VisualStudioVersion = 15.0.27130.2027
MinimumVisualStudioVersion = 10.0.40219.1
Project("{9A19103F-16F7-4668-BE54-9A1E7A4F7556}") = "01.EventImplementation", "01.EventImplementation\01.EventImplementation.csproj", "{04FA58D0-2586-4EB7-846B-AADF8BBE4BD0}"
EndProject
Project("{9A19103F-16F7-4668-BE54-9A1E7A4F7556}") = "02.KingsGambit", "02.KingsGambit\02.KingsGambit.csproj", "{F18C0F26-B1AE-4DD2-907D-A5CE6EE4DE22}"
EndProject
Project("{9A19103F-16F7-4668-BE54-9A1E7A4F7556}") = "03.DependencyInversion", "03.DependencyInversion\03.DependencyInversion.csproj", "{213554F8-22D9-40F8-8604-BF473014E47A}"
EndProject
Project("{9A19103F-16F7-4668-BE54-9A1E7A4F7556}") = "05.KingsGambitExtended", "05.KingsGambitExtended\05.KingsGambitExtended.csproj", "{04EF04AD-CF1A-4AEC-AE2D-0425253CF571}"
EndProject
Project("{FAE04EC0-301F-11D3-BF4B-00C04F79EFBC}") = "04.WorkForce", "04.WorkForce\04.WorkForce.csproj", "{5543C539-EC43-421B-A5D0-F32864A335E2}"
EndProject
Global
	GlobalSection(SolutionConfigurationPlatforms) = preSolution
		Debug|Any CPU = Debug|Any CPU
		Release|Any CPU = Release|Any CPU
	EndGlobalSection
	GlobalSection(ProjectConfigurationPlatforms) = postSolution
		{04FA58D0-2586-4EB7-846B-AADF8BBE4BD0}.Debug|Any CPU.ActiveCfg = Debug|Any CPU
		{04FA58D0-2586-4EB7-846B-AADF8BBE4BD0}.Debug|Any CPU.Build.0 = Debug|Any CPU
		{04FA58D0-2586-4EB7-846B-AADF8BBE4BD0}.Release|Any CPU.ActiveCfg = Release|Any CPU
		{04FA58D0-2586-4EB7-846B-AADF8BBE4BD0}.Release|Any CPU.Build.0 = Release|Any CPU
		{F18C0F26-B1AE-4DD2-907D-A5CE6EE4DE22}.Debug|Any CPU.ActiveCfg = Debug|Any CPU
		{F18C0F26-B1AE-4DD2-907D-A5CE6EE4DE22}.Debug|Any CPU.Build.0 = Debug|Any CPU
		{F18C0F26-B1AE-4DD2-907D-A5CE6EE4DE22}.Release|Any CPU.ActiveCfg = Release|Any CPU
		{F18C0F26-B1AE-4DD2-907D-A5CE6EE4DE22}.Release|Any CPU.Build.0 = Release|Any CPU
		{213554F8-22D9-40F8-8604-BF473014E47A}.Debug|Any CPU.ActiveCfg = Debug|Any CPU
		{213554F8-22D9-40F8-8604-BF473014E47A}.Debug|Any CPU.Build.0 = Debug|Any CPU
		{213554F8-22D9-40F8-8604-BF473014E47A}.Release|Any CPU.ActiveCfg = Release|Any CPU
		{213554F8-22D9-40F8-8604-BF473014E47A}.Release|Any CPU.Build.0 = Release|Any CPU
		{04EF04AD-CF1A-4AEC-AE2D-0425253CF571}.Debug|Any CPU.ActiveCfg = Debug|Any CPU
		{04EF04AD-CF1A-4AEC-AE2D-0425253CF571}.Debug|Any CPU.Build.0 = Debug|Any CPU
		{04EF04AD-CF1A-4AEC-AE2D-0425253CF571}.Release|Any CPU.ActiveCfg = Release|Any CPU
		{04EF04AD-CF1A-4AEC-AE2D-0425253CF571}.Release|Any CPU.Build.0 = Release|Any CPU
		{5543C539-EC43-421B-A5D0-F32864A335E2}.Debug|Any CPU.ActiveCfg = Debug|Any CPU
		{5543C539-EC43-421B-A5D0-F32864A335E2}.Debug|Any CPU.Build.0 = Debug|Any CPU
		{5543C539-EC43-421B-A5D0-F32864A335E2}.Release|Any CPU.ActiveCfg = Release|Any CPU
		{5543C539-EC43-421B-A5D0-F32864A335E2}.Release|Any CPU.Build.0 = Release|Any CPU
	EndGlobalSection
	GlobalSection(SolutionProperties) = preSolution
		HideSolutionNode = FALSE
	EndGlobalSection
	GlobalSection(ExtensibilityGlobals) = postSolution
		SolutionGuid = {F1ABB98B-0F20-4F9A-82AE-CC8FCC2C3BFA}
	EndGlobalSection
EndGlobal
