
Microsoft Visual Studio Solution File, Format Version 12.00
# Visual Studio 15
VisualStudioVersion = 15.0.27130.2027
MinimumVisualStudioVersion = 10.0.40219.1
Project("{9A19103F-16F7-4668-BE54-9A1E7A4F7556}") = "01.GrandPrix", "01.GrandPrix\01.GrandPrix.csproj", "{221D840D-0D39-4239-AD1B-98F227B1E93C}"
EndProject
Project("{9A19103F-16F7-4668-BE54-9A1E7A4F7556}") = "02.Minedraft", "02.Minedraft\02.Minedraft.csproj", "{7DCF5199-7E5B-4B58-A5EA-2DAB85688B66}"
EndProject
Project("{FAE04EC0-301F-11D3-BF4B-00C04F79EFBC}") = "03.Avatar", "03.Avatar\03.Avatar.csproj", "{835AA4CF-4C35-48FC-BF80-279332658CE1}"
EndProject
Project("{FAE04EC0-301F-11D3-BF4B-00C04F79EFBC}") = "04.NeedForSpeed", "04.NeedForSpeed\04.NeedForSpeed.csproj", "{2C31F1CC-5D83-49F2-A937-E587D760C67D}"
EndProject
Global
	GlobalSection(SolutionConfigurationPlatforms) = preSolution
		Debug|Any CPU = Debug|Any CPU
		Release|Any CPU = Release|Any CPU
	EndGlobalSection
	GlobalSection(ProjectConfigurationPlatforms) = postSolution
		{221D840D-0D39-4239-AD1B-98F227B1E93C}.Debug|Any CPU.ActiveCfg = Debug|Any CPU
		{221D840D-0D39-4239-AD1B-98F227B1E93C}.Debug|Any CPU.Build.0 = Debug|Any CPU
		{221D840D-0D39-4239-AD1B-98F227B1E93C}.Release|Any CPU.ActiveCfg = Release|Any CPU
		{221D840D-0D39-4239-AD1B-98F227B1E93C}.Release|Any CPU.Build.0 = Release|Any CPU
		{7DCF5199-7E5B-4B58-A5EA-2DAB85688B66}.Debug|Any CPU.ActiveCfg = Debug|Any CPU
		{7DCF5199-7E5B-4B58-A5EA-2DAB85688B66}.Debug|Any CPU.Build.0 = Debug|Any CPU
		{7DCF5199-7E5B-4B58-A5EA-2DAB85688B66}.Release|Any CPU.ActiveCfg = Release|Any CPU
		{7DCF5199-7E5B-4B58-A5EA-2DAB85688B66}.Release|Any CPU.Build.0 = Release|Any CPU
		{835AA4CF-4C35-48FC-BF80-279332658CE1}.Debug|Any CPU.ActiveCfg = Debug|Any CPU
		{835AA4CF-4C35-48FC-BF80-279332658CE1}.Debug|Any CPU.Build.0 = Debug|Any CPU
		{835AA4CF-4C35-48FC-BF80-279332658CE1}.Release|Any CPU.ActiveCfg = Release|Any CPU
		{835AA4CF-4C35-48FC-BF80-279332658CE1}.Release|Any CPU.Build.0 = Release|Any CPU
		{2C31F1CC-5D83-49F2-A937-E587D760C67D}.Debug|Any CPU.ActiveCfg = Debug|Any CPU
		{2C31F1CC-5D83-49F2-A937-E587D760C67D}.Debug|Any CPU.Build.0 = Debug|Any CPU
		{2C31F1CC-5D83-49F2-A937-E587D760C67D}.Release|Any CPU.ActiveCfg = Release|Any CPU
		{2C31F1CC-5D83-49F2-A937-E587D760C67D}.Release|Any CPU.Build.0 = Release|Any CPU
	EndGlobalSection
	GlobalSection(SolutionProperties) = preSolution
		HideSolutionNode = FALSE
	EndGlobalSection
	GlobalSection(ExtensibilityGlobals) = postSolution
		SolutionGuid = {877C0A19-7EE3-4F3C-B5B1-595B71BCE2B2}
	EndGlobalSection
EndGlobal
