
Microsoft Visual Studio Solution File, Format Version 12.00
# Visual Studio 15
VisualStudioVersion = 15.0.27130.2027
MinimumVisualStudioVersion = 10.0.40219.1
Project("{FAE04EC0-301F-11D3-BF4B-00C04F79EFBC}") = "01.Shapes", "01.Shapes\01.Shapes.csproj", "{1E9AA710-B071-4A09-9398-C8991D66F4D6}"
EndProject
Project("{FAE04EC0-301F-11D3-BF4B-00C04F79EFBC}") = "02.Cars", "02.Cars\02.Cars.csproj", "{778CB8AA-B017-4D83-A63C-0BC1C687691F}"
EndProject
Global
	GlobalSection(SolutionConfigurationPlatforms) = preSolution
		Debug|Any CPU = Debug|Any CPU
		Release|Any CPU = Release|Any CPU
	EndGlobalSection
	GlobalSection(ProjectConfigurationPlatforms) = postSolution
		{1E9AA710-B071-4A09-9398-C8991D66F4D6}.Debug|Any CPU.ActiveCfg = Debug|Any CPU
		{1E9AA710-B071-4A09-9398-C8991D66F4D6}.Debug|Any CPU.Build.0 = Debug|Any CPU
		{1E9AA710-B071-4A09-9398-C8991D66F4D6}.Release|Any CPU.ActiveCfg = Release|Any CPU
		{1E9AA710-B071-4A09-9398-C8991D66F4D6}.Release|Any CPU.Build.0 = Release|Any CPU
		{778CB8AA-B017-4D83-A63C-0BC1C687691F}.Debug|Any CPU.ActiveCfg = Debug|Any CPU
		{778CB8AA-B017-4D83-A63C-0BC1C687691F}.Debug|Any CPU.Build.0 = Debug|Any CPU
		{778CB8AA-B017-4D83-A63C-0BC1C687691F}.Release|Any CPU.ActiveCfg = Release|Any CPU
		{778CB8AA-B017-4D83-A63C-0BC1C687691F}.Release|Any CPU.Build.0 = Release|Any CPU
	EndGlobalSection
	GlobalSection(SolutionProperties) = preSolution
		HideSolutionNode = FALSE
	EndGlobalSection
	GlobalSection(ExtensibilityGlobals) = postSolution
		SolutionGuid = {79CA53EE-04EE-4A57-8210-B6B77C36E5A6}
	EndGlobalSection
EndGlobal
