
Microsoft Visual Studio Solution File, Format Version 12.00
# Visual Studio 15
VisualStudioVersion = 15.0.27130.2027
MinimumVisualStudioVersion = 10.0.40219.1
Project("{FAE04EC0-301F-11D3-BF4B-00C04F79EFBC}") = "01.SortPersonsByNameAndAge", "01.SortPersonsByNameAndAge\01.SortPersonsByNameAndAge.csproj", "{C69FD4DC-D533-47E2-A040-25B9E8C44867}"
EndProject
Project("{FAE04EC0-301F-11D3-BF4B-00C04F79EFBC}") = "02.SalaryIncrease", "02.SalaryIncrease\02.SalaryIncrease.csproj", "{8DF06C13-4E7B-4876-BBE5-9476B17625CC}"
EndProject
Project("{FAE04EC0-301F-11D3-BF4B-00C04F79EFBC}") = "03.ValidationOfData", "03.ValidationOfData\03.ValidationOfData.csproj", "{B9C80F6F-13AC-4798-AC25-9E57DD0E64D8}"
EndProject
Project("{FAE04EC0-301F-11D3-BF4B-00C04F79EFBC}") = "04.FirstAndReserveTeam", "04.FirstAndReserveTeam\04.FirstAndReserveTeam.csproj", "{FAF67DBB-9634-44F1-9E4B-37393CC10A59}"
EndProject
Global
	GlobalSection(SolutionConfigurationPlatforms) = preSolution
		Debug|Any CPU = Debug|Any CPU
		Release|Any CPU = Release|Any CPU
	EndGlobalSection
	GlobalSection(ProjectConfigurationPlatforms) = postSolution
		{C69FD4DC-D533-47E2-A040-25B9E8C44867}.Debug|Any CPU.ActiveCfg = Debug|Any CPU
		{C69FD4DC-D533-47E2-A040-25B9E8C44867}.Debug|Any CPU.Build.0 = Debug|Any CPU
		{C69FD4DC-D533-47E2-A040-25B9E8C44867}.Release|Any CPU.ActiveCfg = Release|Any CPU
		{C69FD4DC-D533-47E2-A040-25B9E8C44867}.Release|Any CPU.Build.0 = Release|Any CPU
		{8DF06C13-4E7B-4876-BBE5-9476B17625CC}.Debug|Any CPU.ActiveCfg = Debug|Any CPU
		{8DF06C13-4E7B-4876-BBE5-9476B17625CC}.Debug|Any CPU.Build.0 = Debug|Any CPU
		{8DF06C13-4E7B-4876-BBE5-9476B17625CC}.Release|Any CPU.ActiveCfg = Release|Any CPU
		{8DF06C13-4E7B-4876-BBE5-9476B17625CC}.Release|Any CPU.Build.0 = Release|Any CPU
		{B9C80F6F-13AC-4798-AC25-9E57DD0E64D8}.Debug|Any CPU.ActiveCfg = Debug|Any CPU
		{B9C80F6F-13AC-4798-AC25-9E57DD0E64D8}.Debug|Any CPU.Build.0 = Debug|Any CPU
		{B9C80F6F-13AC-4798-AC25-9E57DD0E64D8}.Release|Any CPU.ActiveCfg = Release|Any CPU
		{B9C80F6F-13AC-4798-AC25-9E57DD0E64D8}.Release|Any CPU.Build.0 = Release|Any CPU
		{FAF67DBB-9634-44F1-9E4B-37393CC10A59}.Debug|Any CPU.ActiveCfg = Debug|Any CPU
		{FAF67DBB-9634-44F1-9E4B-37393CC10A59}.Debug|Any CPU.Build.0 = Debug|Any CPU
		{FAF67DBB-9634-44F1-9E4B-37393CC10A59}.Release|Any CPU.ActiveCfg = Release|Any CPU
		{FAF67DBB-9634-44F1-9E4B-37393CC10A59}.Release|Any CPU.Build.0 = Release|Any CPU
	EndGlobalSection
	GlobalSection(SolutionProperties) = preSolution
		HideSolutionNode = FALSE
	EndGlobalSection
	GlobalSection(ExtensibilityGlobals) = postSolution
		SolutionGuid = {267E7C50-A075-46CB-A340-B62B335A113E}
	EndGlobalSection
EndGlobal
