
Microsoft Visual Studio Solution File, Format Version 12.00
# Visual Studio 15
VisualStudioVersion = 15.0.27130.2010
MinimumVisualStudioVersion = 10.0.40219.1
Project("{FAE04EC0-301F-11D3-BF4B-00C04F79EFBC}") = "01.ReverseStrings", "01.ReverseStrings\01.ReverseStrings.csproj", "{305BE892-7C7C-4A95-AC55-4F759BA9DD87}"
EndProject
Project("{FAE04EC0-301F-11D3-BF4B-00C04F79EFBC}") = "02.SimpleCalculator", "02.SimpleCalculator\02.SimpleCalculator.csproj", "{FFFB2A2C-9185-4B5D-BC2D-CA1DF1457E51}"
EndProject
Project("{FAE04EC0-301F-11D3-BF4B-00C04F79EFBC}") = "03.DecimalToBinaryConverter", "03.DecimalToBinaryConverter\03.DecimalToBinaryConverter.csproj", "{4A6F2AD1-D503-4307-ACA8-6539A9E6A18B}"
EndProject
Project("{FAE04EC0-301F-11D3-BF4B-00C04F79EFBC}") = "04.MatchingBrackets", "04.MatchingBrackets\04.MatchingBrackets.csproj", "{33C49522-0FAB-4AB2-999D-35210B124C36}"
EndProject
Project("{FAE04EC0-301F-11D3-BF4B-00C04F79EFBC}") = "05.HotPotato", "05.HotPotato\05.HotPotato.csproj", "{D5652825-F917-4A10-8C81-15F40E33E9B5}"
EndProject
Project("{FAE04EC0-301F-11D3-BF4B-00C04F79EFBC}") = "06.TrafficLight", "06.TrafficLight\06.TrafficLight.csproj", "{C71CFD7B-475A-41C9-9D46-2C10FE30BC92}"
EndProject
Global
	GlobalSection(SolutionConfigurationPlatforms) = preSolution
		Debug|Any CPU = Debug|Any CPU
		Release|Any CPU = Release|Any CPU
	EndGlobalSection
	GlobalSection(ProjectConfigurationPlatforms) = postSolution
		{305BE892-7C7C-4A95-AC55-4F759BA9DD87}.Debug|Any CPU.ActiveCfg = Debug|Any CPU
		{305BE892-7C7C-4A95-AC55-4F759BA9DD87}.Debug|Any CPU.Build.0 = Debug|Any CPU
		{305BE892-7C7C-4A95-AC55-4F759BA9DD87}.Release|Any CPU.ActiveCfg = Release|Any CPU
		{305BE892-7C7C-4A95-AC55-4F759BA9DD87}.Release|Any CPU.Build.0 = Release|Any CPU
		{FFFB2A2C-9185-4B5D-BC2D-CA1DF1457E51}.Debug|Any CPU.ActiveCfg = Debug|Any CPU
		{FFFB2A2C-9185-4B5D-BC2D-CA1DF1457E51}.Debug|Any CPU.Build.0 = Debug|Any CPU
		{FFFB2A2C-9185-4B5D-BC2D-CA1DF1457E51}.Release|Any CPU.ActiveCfg = Release|Any CPU
		{FFFB2A2C-9185-4B5D-BC2D-CA1DF1457E51}.Release|Any CPU.Build.0 = Release|Any CPU
		{4A6F2AD1-D503-4307-ACA8-6539A9E6A18B}.Debug|Any CPU.ActiveCfg = Debug|Any CPU
		{4A6F2AD1-D503-4307-ACA8-6539A9E6A18B}.Debug|Any CPU.Build.0 = Debug|Any CPU
		{4A6F2AD1-D503-4307-ACA8-6539A9E6A18B}.Release|Any CPU.ActiveCfg = Release|Any CPU
		{4A6F2AD1-D503-4307-ACA8-6539A9E6A18B}.Release|Any CPU.Build.0 = Release|Any CPU
		{33C49522-0FAB-4AB2-999D-35210B124C36}.Debug|Any CPU.ActiveCfg = Debug|Any CPU
		{33C49522-0FAB-4AB2-999D-35210B124C36}.Debug|Any CPU.Build.0 = Debug|Any CPU
		{33C49522-0FAB-4AB2-999D-35210B124C36}.Release|Any CPU.ActiveCfg = Release|Any CPU
		{33C49522-0FAB-4AB2-999D-35210B124C36}.Release|Any CPU.Build.0 = Release|Any CPU
		{D5652825-F917-4A10-8C81-15F40E33E9B5}.Debug|Any CPU.ActiveCfg = Debug|Any CPU
		{D5652825-F917-4A10-8C81-15F40E33E9B5}.Debug|Any CPU.Build.0 = Debug|Any CPU
		{D5652825-F917-4A10-8C81-15F40E33E9B5}.Release|Any CPU.ActiveCfg = Release|Any CPU
		{D5652825-F917-4A10-8C81-15F40E33E9B5}.Release|Any CPU.Build.0 = Release|Any CPU
		{C71CFD7B-475A-41C9-9D46-2C10FE30BC92}.Debug|Any CPU.ActiveCfg = Debug|Any CPU
		{C71CFD7B-475A-41C9-9D46-2C10FE30BC92}.Debug|Any CPU.Build.0 = Debug|Any CPU
		{C71CFD7B-475A-41C9-9D46-2C10FE30BC92}.Release|Any CPU.ActiveCfg = Release|Any CPU
		{C71CFD7B-475A-41C9-9D46-2C10FE30BC92}.Release|Any CPU.Build.0 = Release|Any CPU
	EndGlobalSection
	GlobalSection(SolutionProperties) = preSolution
		HideSolutionNode = FALSE
	EndGlobalSection
	GlobalSection(ExtensibilityGlobals) = postSolution
		SolutionGuid = {16FC7A9D-D11E-44A4-85AF-C8DAC42401D1}
	EndGlobalSection
EndGlobal
