
Microsoft Visual Studio Solution File, Format Version 12.00
# Visual Studio 15
VisualStudioVersion = 15.0.27130.2010
MinimumVisualStudioVersion = 10.0.40219.1
Project("{FAE04EC0-301F-11D3-BF4B-00C04F79EFBC}") = "01.SortEvenNumbers", "01.SortEvenNumbers\01.SortEvenNumbers.csproj", "{79BB8F9D-D72C-4FF1-AF30-2C74E74775D6}"
EndProject
Project("{FAE04EC0-301F-11D3-BF4B-00C04F79EFBC}") = "02.SumNumbers", "02.SumNumbers\02.SumNumbers.csproj", "{14E16B38-B016-4A54-8D36-CD5353260E28}"
EndProject
Project("{FAE04EC0-301F-11D3-BF4B-00C04F79EFBC}") = "03.CountUppercaseWords", "03.CountUppercaseWords\03.CountUppercaseWords.csproj", "{28543A23-4A17-478B-8E65-E938AF921153}"
EndProject
Project("{FAE04EC0-301F-11D3-BF4B-00C04F79EFBC}") = "04.AddVAT", "04.AddVAT\04.AddVAT.csproj", "{CCE032D6-8D11-4B4C-9D20-2DA489EFBDCF}"
EndProject
Project("{FAE04EC0-301F-11D3-BF4B-00C04F79EFBC}") = "05.FilterByAge", "05.FilterByAge\05.FilterByAge.csproj", "{5671AACE-4A2D-413E-B37E-AB4249B2391F}"
EndProject
Global
	GlobalSection(SolutionConfigurationPlatforms) = preSolution
		Debug|Any CPU = Debug|Any CPU
		Release|Any CPU = Release|Any CPU
	EndGlobalSection
	GlobalSection(ProjectConfigurationPlatforms) = postSolution
		{79BB8F9D-D72C-4FF1-AF30-2C74E74775D6}.Debug|Any CPU.ActiveCfg = Debug|Any CPU
		{79BB8F9D-D72C-4FF1-AF30-2C74E74775D6}.Debug|Any CPU.Build.0 = Debug|Any CPU
		{79BB8F9D-D72C-4FF1-AF30-2C74E74775D6}.Release|Any CPU.ActiveCfg = Release|Any CPU
		{79BB8F9D-D72C-4FF1-AF30-2C74E74775D6}.Release|Any CPU.Build.0 = Release|Any CPU
		{14E16B38-B016-4A54-8D36-CD5353260E28}.Debug|Any CPU.ActiveCfg = Debug|Any CPU
		{14E16B38-B016-4A54-8D36-CD5353260E28}.Debug|Any CPU.Build.0 = Debug|Any CPU
		{14E16B38-B016-4A54-8D36-CD5353260E28}.Release|Any CPU.ActiveCfg = Release|Any CPU
		{14E16B38-B016-4A54-8D36-CD5353260E28}.Release|Any CPU.Build.0 = Release|Any CPU
		{28543A23-4A17-478B-8E65-E938AF921153}.Debug|Any CPU.ActiveCfg = Debug|Any CPU
		{28543A23-4A17-478B-8E65-E938AF921153}.Debug|Any CPU.Build.0 = Debug|Any CPU
		{28543A23-4A17-478B-8E65-E938AF921153}.Release|Any CPU.ActiveCfg = Release|Any CPU
		{28543A23-4A17-478B-8E65-E938AF921153}.Release|Any CPU.Build.0 = Release|Any CPU
		{CCE032D6-8D11-4B4C-9D20-2DA489EFBDCF}.Debug|Any CPU.ActiveCfg = Debug|Any CPU
		{CCE032D6-8D11-4B4C-9D20-2DA489EFBDCF}.Debug|Any CPU.Build.0 = Debug|Any CPU
		{CCE032D6-8D11-4B4C-9D20-2DA489EFBDCF}.Release|Any CPU.ActiveCfg = Release|Any CPU
		{CCE032D6-8D11-4B4C-9D20-2DA489EFBDCF}.Release|Any CPU.Build.0 = Release|Any CPU
		{5671AACE-4A2D-413E-B37E-AB4249B2391F}.Debug|Any CPU.ActiveCfg = Debug|Any CPU
		{5671AACE-4A2D-413E-B37E-AB4249B2391F}.Debug|Any CPU.Build.0 = Debug|Any CPU
		{5671AACE-4A2D-413E-B37E-AB4249B2391F}.Release|Any CPU.ActiveCfg = Release|Any CPU
		{5671AACE-4A2D-413E-B37E-AB4249B2391F}.Release|Any CPU.Build.0 = Release|Any CPU
	EndGlobalSection
	GlobalSection(SolutionProperties) = preSolution
		HideSolutionNode = FALSE
	EndGlobalSection
	GlobalSection(ExtensibilityGlobals) = postSolution
		SolutionGuid = {50F9B55C-4008-4562-9D43-BD7E08843A13}
	EndGlobalSection
EndGlobal
