
Microsoft Visual Studio Solution File, Format Version 12.00
# Visual Studio 15
VisualStudioVersion = 15.0.26430.12
MinimumVisualStudioVersion = 10.0.40219.1
Project("{FAE04EC0-301F-11D3-BF4B-00C04F79EFBC}") = "01.ReverseString", "01.ReverseString\01.ReverseString.csproj", "{C230BD88-F30F-4AC8-B1D6-DAC54BD82619}"
EndProject
Project("{FAE04EC0-301F-11D3-BF4B-00C04F79EFBC}") = "02.CountSubstringOccurrences", "02.CountSubstringOccurrences\02.CountSubstringOccurrences.csproj", "{6342FF35-F513-493C-ABAE-5C3E42B9ED63}"
EndProject
Project("{FAE04EC0-301F-11D3-BF4B-00C04F79EFBC}") = "03.TextFilter", "03.TextFilter\03.TextFilter.csproj", "{F65A2D58-1D6B-4830-978E-DC9FD36E07D1}"
EndProject
Project("{FAE04EC0-301F-11D3-BF4B-00C04F79EFBC}") = "04.Palindromes", "04.Palindromes\04.Palindromes.csproj", "{A1883257-6941-4774-8712-777AC828A640}"
EndProject
Global
	GlobalSection(SolutionConfigurationPlatforms) = preSolution
		Debug|Any CPU = Debug|Any CPU
		Release|Any CPU = Release|Any CPU
	EndGlobalSection
	GlobalSection(ProjectConfigurationPlatforms) = postSolution
		{C230BD88-F30F-4AC8-B1D6-DAC54BD82619}.Debug|Any CPU.ActiveCfg = Debug|Any CPU
		{C230BD88-F30F-4AC8-B1D6-DAC54BD82619}.Debug|Any CPU.Build.0 = Debug|Any CPU
		{C230BD88-F30F-4AC8-B1D6-DAC54BD82619}.Release|Any CPU.ActiveCfg = Release|Any CPU
		{C230BD88-F30F-4AC8-B1D6-DAC54BD82619}.Release|Any CPU.Build.0 = Release|Any CPU
		{6342FF35-F513-493C-ABAE-5C3E42B9ED63}.Debug|Any CPU.ActiveCfg = Debug|Any CPU
		{6342FF35-F513-493C-ABAE-5C3E42B9ED63}.Debug|Any CPU.Build.0 = Debug|Any CPU
		{6342FF35-F513-493C-ABAE-5C3E42B9ED63}.Release|Any CPU.ActiveCfg = Release|Any CPU
		{6342FF35-F513-493C-ABAE-5C3E42B9ED63}.Release|Any CPU.Build.0 = Release|Any CPU
		{F65A2D58-1D6B-4830-978E-DC9FD36E07D1}.Debug|Any CPU.ActiveCfg = Debug|Any CPU
		{F65A2D58-1D6B-4830-978E-DC9FD36E07D1}.Debug|Any CPU.Build.0 = Debug|Any CPU
		{F65A2D58-1D6B-4830-978E-DC9FD36E07D1}.Release|Any CPU.ActiveCfg = Release|Any CPU
		{F65A2D58-1D6B-4830-978E-DC9FD36E07D1}.Release|Any CPU.Build.0 = Release|Any CPU
		{A1883257-6941-4774-8712-777AC828A640}.Debug|Any CPU.ActiveCfg = Debug|Any CPU
		{A1883257-6941-4774-8712-777AC828A640}.Debug|Any CPU.Build.0 = Debug|Any CPU
		{A1883257-6941-4774-8712-777AC828A640}.Release|Any CPU.ActiveCfg = Release|Any CPU
		{A1883257-6941-4774-8712-777AC828A640}.Release|Any CPU.Build.0 = Release|Any CPU
	EndGlobalSection
	GlobalSection(SolutionProperties) = preSolution
		HideSolutionNode = FALSE
	EndGlobalSection
EndGlobal
