
Microsoft Visual Studio Solution File, Format Version 12.00
# Visual Studio 15
VisualStudioVersion = 15.0.27130.2027
MinimumVisualStudioVersion = 10.0.40219.1
Project("{FAE04EC0-301F-11D3-BF4B-00C04F79EFBC}") = "Minedraft", "Minedraft.csproj", "{2B8E833A-8D75-44C5-A88A-9B4B9FE1C036}"
EndProject
Project("{FAE04EC0-301F-11D3-BF4B-00C04F79EFBC}") = "Minedraft.Tests", "..\Minedraft.Tests\Minedraft.Tests.csproj", "{FF3B5A9F-582D-4141-AFB6-1B17EF32431B}"
EndProject
Global
	GlobalSection(SolutionConfigurationPlatforms) = preSolution
		Debug|Any CPU = Debug|Any CPU
		Release|Any CPU = Release|Any CPU
	EndGlobalSection
	GlobalSection(ProjectConfigurationPlatforms) = postSolution
		{2B8E833A-8D75-44C5-A88A-9B4B9FE1C036}.Debug|Any CPU.ActiveCfg = Debug|Any CPU
		{2B8E833A-8D75-44C5-A88A-9B4B9FE1C036}.Debug|Any CPU.Build.0 = Debug|Any CPU
		{2B8E833A-8D75-44C5-A88A-9B4B9FE1C036}.Release|Any CPU.ActiveCfg = Release|Any CPU
		{2B8E833A-8D75-44C5-A88A-9B4B9FE1C036}.Release|Any CPU.Build.0 = Release|Any CPU
		{FF3B5A9F-582D-4141-AFB6-1B17EF32431B}.Debug|Any CPU.ActiveCfg = Debug|Any CPU
		{FF3B5A9F-582D-4141-AFB6-1B17EF32431B}.Debug|Any CPU.Build.0 = Debug|Any CPU
		{FF3B5A9F-582D-4141-AFB6-1B17EF32431B}.Release|Any CPU.ActiveCfg = Release|Any CPU
		{FF3B5A9F-582D-4141-AFB6-1B17EF32431B}.Release|Any CPU.Build.0 = Release|Any CPU
	EndGlobalSection
	GlobalSection(SolutionProperties) = preSolution
		HideSolutionNode = FALSE
	EndGlobalSection
	GlobalSection(ExtensibilityGlobals) = postSolution
		SolutionGuid = {B19AB888-8CC4-47A9-986C-F304E7D53E5A}
	EndGlobalSection
EndGlobal
